
Microsoft Visual Studio Solution File, Format Version 12.00
# Visual Studio Version 16
VisualStudioVersion = 16.0.31729.503
MinimumVisualStudioVersion = 10.0.40219.1
Project("{FAE04EC0-301F-11D3-BF4B-00C04F79EFBC}") = "Mensageria", "Mensageria\Mensageria.csproj", "{E29BA1EE-E15D-427E-9D63-55597562E08D}"
EndProject
Global
	GlobalSection(SolutionConfigurationPlatforms) = preSolution
		Debug|Any CPU = Debug|Any CPU
		Release|Any CPU = Release|Any CPU
	EndGlobalSection
	GlobalSection(ProjectConfigurationPlatforms) = postSolution
		{E29BA1EE-E15D-427E-9D63-55597562E08D}.Debug|Any CPU.ActiveCfg = Debug|Any CPU
		{E29BA1EE-E15D-427E-9D63-55597562E08D}.Debug|Any CPU.Build.0 = Debug|Any CPU
		{E29BA1EE-E15D-427E-9D63-55597562E08D}.Release|Any CPU.ActiveCfg = Release|Any CPU
		{E29BA1EE-E15D-427E-9D63-55597562E08D}.Release|Any CPU.Build.0 = Release|Any CPU
	EndGlobalSection
	GlobalSection(SolutionProperties) = preSolution
		HideSolutionNode = FALSE
	EndGlobalSection
	GlobalSection(ExtensibilityGlobals) = postSolution
		SolutionGuid = {75382A67-2167-40A8-960B-EC7BFA450976}
	EndGlobalSection
EndGlobal
